
Microsoft Visual Studio Solution File, Format Version 12.00
# Visual Studio Version 16
VisualStudioVersion = 16.0.31205.134
MinimumVisualStudioVersion = 10.0.40219.1
Project("{FAE04EC0-301F-11D3-BF4B-00C04F79EFBC}") = "RockPaperScissors", "RockPaperScissors\RockPaperScissors.csproj", "{61C87D9C-2161-4618-A030-B429DDD8278C}"
EndProject
Project("{FAE04EC0-301F-11D3-BF4B-00C04F79EFBC}") = "RokPaperScissorsClassLibrary", "RokPaperScissorsClassLibrary\RokPaperScissorsClassLibrary.csproj", "{14A6D8A2-8E26-46A0-82BD-8C522F65EDBA}"
EndProject
Global
	GlobalSection(SolutionConfigurationPlatforms) = preSolution
		Debug|Any CPU = Debug|Any CPU
		Release|Any CPU = Release|Any CPU
	EndGlobalSection
	GlobalSection(ProjectConfigurationPlatforms) = postSolution
		{61C87D9C-2161-4618-A030-B429DDD8278C}.Debug|Any CPU.ActiveCfg = Debug|Any CPU
		{61C87D9C-2161-4618-A030-B429DDD8278C}.Debug|Any CPU.Build.0 = Debug|Any CPU
		{61C87D9C-2161-4618-A030-B429DDD8278C}.Release|Any CPU.ActiveCfg = Release|Any CPU
		{61C87D9C-2161-4618-A030-B429DDD8278C}.Release|Any CPU.Build.0 = Release|Any CPU
		{14A6D8A2-8E26-46A0-82BD-8C522F65EDBA}.Debug|Any CPU.ActiveCfg = Debug|Any CPU
		{14A6D8A2-8E26-46A0-82BD-8C522F65EDBA}.Debug|Any CPU.Build.0 = Debug|Any CPU
		{14A6D8A2-8E26-46A0-82BD-8C522F65EDBA}.Release|Any CPU.ActiveCfg = Release|Any CPU
		{14A6D8A2-8E26-46A0-82BD-8C522F65EDBA}.Release|Any CPU.Build.0 = Release|Any CPU
	EndGlobalSection
	GlobalSection(SolutionProperties) = preSolution
		HideSolutionNode = FALSE
	EndGlobalSection
	GlobalSection(ExtensibilityGlobals) = postSolution
		SolutionGuid = {8A58E807-D8C8-47F0-B2CB-213885C5BE6C}
	EndGlobalSection
EndGlobal
