
Microsoft Visual Studio Solution File, Format Version 12.00
# Visual Studio Version 16
VisualStudioVersion = 16.0.31205.134
MinimumVisualStudioVersion = 10.0.40219.1
Project("{FAE04EC0-301F-11D3-BF4B-00C04F79EFBC}") = "QuizzMillioner", "QuizzMillioner\QuizzMillioner.csproj", "{EE371FCB-EB84-4090-AF8B-5B90E87D9608}"
EndProject
Global
	GlobalSection(SolutionConfigurationPlatforms) = preSolution
		Debug|Any CPU = Debug|Any CPU
		Release|Any CPU = Release|Any CPU
	EndGlobalSection
	GlobalSection(ProjectConfigurationPlatforms) = postSolution
		{EE371FCB-EB84-4090-AF8B-5B90E87D9608}.Debug|Any CPU.ActiveCfg = Debug|Any CPU
		{EE371FCB-EB84-4090-AF8B-5B90E87D9608}.Debug|Any CPU.Build.0 = Debug|Any CPU
		{EE371FCB-EB84-4090-AF8B-5B90E87D9608}.Release|Any CPU.ActiveCfg = Release|Any CPU
		{EE371FCB-EB84-4090-AF8B-5B90E87D9608}.Release|Any CPU.Build.0 = Release|Any CPU
	EndGlobalSection
	GlobalSection(SolutionProperties) = preSolution
		HideSolutionNode = FALSE
	EndGlobalSection
	GlobalSection(ExtensibilityGlobals) = postSolution
		SolutionGuid = {8A372B3F-E07A-4F85-85CF-BA37F0B59948}
	EndGlobalSection
EndGlobal
